
Microsoft Visual Studio Solution File, Format Version 11.00
# Visual Studio 2010
Project("{FAE04EC0-301F-11D3-BF4B-00C04F79EFBC}") = "Peco", "PECO\Peco.csproj", "{2FDC0685-920D-4E42-A517-78F7887B24B4}"
EndProject
Project("{FAE04EC0-301F-11D3-BF4B-00C04F79EFBC}") = "PecoTest", "PecoTest\PecoTest.csproj", "{F49DF7D6-B3A0-4AF6-A0B2-9359C1ADF00D}"
EndProject
Global
	GlobalSection(SolutionConfigurationPlatforms) = preSolution
		Debug|Any CPU = Debug|Any CPU
		Debug|Mixed Platforms = Debug|Mixed Platforms
		Debug|x86 = Debug|x86
		Release|Any CPU = Release|Any CPU
		Release|Mixed Platforms = Release|Mixed Platforms
		Release|x86 = Release|x86
	EndGlobalSection
	GlobalSection(ProjectConfigurationPlatforms) = postSolution
		{2FDC0685-920D-4E42-A517-78F7887B24B4}.Debug|Any CPU.ActiveCfg = Debug|Any CPU
		{2FDC0685-920D-4E42-A517-78F7887B24B4}.Debug|Any CPU.Build.0 = Debug|Any CPU
		{2FDC0685-920D-4E42-A517-78F7887B24B4}.Debug|Mixed Platforms.ActiveCfg = Debug|Any CPU
		{2FDC0685-920D-4E42-A517-78F7887B24B4}.Debug|Mixed Platforms.Build.0 = Debug|Any CPU
		{2FDC0685-920D-4E42-A517-78F7887B24B4}.Debug|x86.ActiveCfg = Debug|Any CPU
		{2FDC0685-920D-4E42-A517-78F7887B24B4}.Release|Any CPU.ActiveCfg = Release|Any CPU
		{2FDC0685-920D-4E42-A517-78F7887B24B4}.Release|Any CPU.Build.0 = Release|Any CPU
		{2FDC0685-920D-4E42-A517-78F7887B24B4}.Release|Mixed Platforms.ActiveCfg = Release|Any CPU
		{2FDC0685-920D-4E42-A517-78F7887B24B4}.Release|Mixed Platforms.Build.0 = Release|Any CPU
		{2FDC0685-920D-4E42-A517-78F7887B24B4}.Release|x86.ActiveCfg = Release|Any CPU
		{F49DF7D6-B3A0-4AF6-A0B2-9359C1ADF00D}.Debug|Any CPU.ActiveCfg = Debug|x86
		{F49DF7D6-B3A0-4AF6-A0B2-9359C1ADF00D}.Debug|Mixed Platforms.ActiveCfg = Debug|x86
		{F49DF7D6-B3A0-4AF6-A0B2-9359C1ADF00D}.Debug|Mixed Platforms.Build.0 = Debug|x86
		{F49DF7D6-B3A0-4AF6-A0B2-9359C1ADF00D}.Debug|x86.ActiveCfg = Debug|x86
		{F49DF7D6-B3A0-4AF6-A0B2-9359C1ADF00D}.Debug|x86.Build.0 = Debug|x86
		{F49DF7D6-B3A0-4AF6-A0B2-9359C1ADF00D}.Release|Any CPU.ActiveCfg = Release|x86
		{F49DF7D6-B3A0-4AF6-A0B2-9359C1ADF00D}.Release|Mixed Platforms.ActiveCfg = Release|x86
		{F49DF7D6-B3A0-4AF6-A0B2-9359C1ADF00D}.Release|Mixed Platforms.Build.0 = Release|x86
		{F49DF7D6-B3A0-4AF6-A0B2-9359C1ADF00D}.Release|x86.ActiveCfg = Release|x86
		{F49DF7D6-B3A0-4AF6-A0B2-9359C1ADF00D}.Release|x86.Build.0 = Release|x86
	EndGlobalSection
	GlobalSection(SolutionProperties) = preSolution
		HideSolutionNode = FALSE
	EndGlobalSection
EndGlobal
